
Microsoft Visual Studio Solution File, Format Version 12.00
# Visual Studio Version 17
VisualStudioVersion = 17.2.32516.85
MinimumVisualStudioVersion = 10.0.40219.1
Project("{FAE04EC0-301F-11D3-BF4B-00C04F79EFBC}") = "tic tac to", "tic tac to\tic tac to.csproj", "{B00A1A32-0456-4EC8-B55D-E9925CB34B95}"
EndProject
Global
	GlobalSection(SolutionConfigurationPlatforms) = preSolution
		Debug|Any CPU = Debug|Any CPU
		Release|Any CPU = Release|Any CPU
	EndGlobalSection
	GlobalSection(ProjectConfigurationPlatforms) = postSolution
		{B00A1A32-0456-4EC8-B55D-E9925CB34B95}.Debug|Any CPU.ActiveCfg = Debug|Any CPU
		{B00A1A32-0456-4EC8-B55D-E9925CB34B95}.Debug|Any CPU.Build.0 = Debug|Any CPU
		{B00A1A32-0456-4EC8-B55D-E9925CB34B95}.Release|Any CPU.ActiveCfg = Release|Any CPU
		{B00A1A32-0456-4EC8-B55D-E9925CB34B95}.Release|Any CPU.Build.0 = Release|Any CPU
	EndGlobalSection
	GlobalSection(SolutionProperties) = preSolution
		HideSolutionNode = FALSE
	EndGlobalSection
	GlobalSection(ExtensibilityGlobals) = postSolution
		SolutionGuid = {1E6FBC9C-8D2F-4D68-B776-AE91BB5973D5}
	EndGlobalSection
EndGlobal
